
Microsoft Visual Studio Solution File, Format Version 12.00
# Visual Studio Version 17
VisualStudioVersion = 17.7.34031.279
MinimumVisualStudioVersion = 10.0.40219.1
Project("{FAE04EC0-301F-11D3-BF4B-00C04F79EFBC}") = "Lab8", "Lab8\Lab8.csproj", "{59B02C8E-9730-40B0-95D6-4550891478C1}"
EndProject
Global
	GlobalSection(SolutionConfigurationPlatforms) = preSolution
		Debug|Any CPU = Debug|Any CPU
		Release|Any CPU = Release|Any CPU
	EndGlobalSection
	GlobalSection(ProjectConfigurationPlatforms) = postSolution
		{59B02C8E-9730-40B0-95D6-4550891478C1}.Debug|Any CPU.ActiveCfg = Debug|Any CPU
		{59B02C8E-9730-40B0-95D6-4550891478C1}.Debug|Any CPU.Build.0 = Debug|Any CPU
		{59B02C8E-9730-40B0-95D6-4550891478C1}.Release|Any CPU.ActiveCfg = Release|Any CPU
		{59B02C8E-9730-40B0-95D6-4550891478C1}.Release|Any CPU.Build.0 = Release|Any CPU
	EndGlobalSection
	GlobalSection(SolutionProperties) = preSolution
		HideSolutionNode = FALSE
	EndGlobalSection
	GlobalSection(ExtensibilityGlobals) = postSolution
		SolutionGuid = {0286C976-910C-4F61-A4AB-F6AD004CF372}
	EndGlobalSection
EndGlobal
